// !$*UTF8*$!
{
	archiveVersion = 1;
	classes = {
	};
	objectVersion = 77;
	objects = {

/* Begin PBXBuildFile section */
		4C2595EC2E25C11B007C9DA5 /* .gitignore in Resources */ = {isa = PBXBuildFile; fileRef = 4C2595EB2E25C112007C9DA5 /* .gitignore */; };
		4C5084532DEE0C9100130D38 /* FirebaseFirestore in Frameworks */ = {isa = PBXBuildFile; productRef = 4C5084522DEE0C9100130D38 /* FirebaseFirestore */; };
		4C5084552DEE0C9100130D38 /* FirebaseFirestoreCombine-Community in Frameworks */ = {isa = PBXBuildFile; productRef = 4C5084542DEE0C9100130D38 /* FirebaseFirestoreCombine-Community */; };
		4C5084572DEE0C9100130D38 /* FirebaseStorage in Frameworks */ = {isa = PBXBuildFile; productRef = 4C5084562DEE0C9100130D38 /* FirebaseStorage */; };
		4CB91F1A2DECED0D00118812 /* FirebaseAuth in Frameworks */ = {isa = PBXBuildFile; productRef = 4CB91F192DECED0D00118812 /* FirebaseAuth */; };
		4CB91F1C2DECED0D00118812 /* FirebaseCore in Frameworks */ = {isa = PBXBuildFile; productRef = 4CB91F1B2DECED0D00118812 /* FirebaseCore */; };
		4CB91F1E2DECED0D00118812 /* FirebaseDatabase in Frameworks */ = {isa = PBXBuildFile; productRef = 4CB91F1D2DECED0D00118812 /* FirebaseDatabase */; };
/* End PBXBuildFile section */

/* Begin PBXContainerItemProxy section */
		4CB91EF72DECE16300118812 /* PBXContainerItemProxy */ = {
			isa = PBXContainerItemProxy;
			containerPortal = 4CB91ED82DECE16200118812 /* Project object */;
			proxyType = 1;
			remoteGlobalIDString = 4CB91EDF2DECE16200118812;
			remoteInfo = Pearl;
		};
		4CB91F012DECE16300118812 /* PBXContainerItemProxy */ = {
			isa = PBXContainerItemProxy;
			containerPortal = 4CB91ED82DECE16200118812 /* Project object */;
			proxyType = 1;
			remoteGlobalIDString = 4CB91EDF2DECE16200118812;
			remoteInfo = Pearl;
		};
/* End PBXContainerItemProxy section */

/* Begin PBXFileReference section */
		4C2595EB2E25C112007C9DA5 /* .gitignore */ = {isa = PBXFileReference; lastKnownFileType = text; path = .gitignore; sourceTree = "<group>"; };
		4CB91EE02DECE16200118812 /* Pearl.app */ = {isa = PBXFileReference; explicitFileType = wrapper.application; includeInIndex = 0; path = Pearl.app; sourceTree = BUILT_PRODUCTS_DIR; };
		4CB91EF62DECE16300118812 /* PearlTests.xctest */ = {isa = PBXFileReference; explicitFileType = wrapper.cfbundle; includeInIndex = 0; path = PearlTests.xctest; sourceTree = BUILT_PRODUCTS_DIR; };
		4CB91F002DECE16300118812 /* PearlUITests.xctest */ = {isa = PBXFileReference; explicitFileType = wrapper.cfbundle; includeInIndex = 0; path = PearlUITests.xctest; sourceTree = BUILT_PRODUCTS_DIR; };
/* End PBXFileReference section */

/* Begin PBXFileSystemSynchronizedBuildFileExceptionSet section */
		4CB91F082DECE16300118812 /* Exceptions for "Pearl" folder in "Pearl" target */ = {
			isa = PBXFileSystemSynchronizedBuildFileExceptionSet;
			membershipExceptions = (
				Info.plist,
			);
			target = 4CB91EDF2DECE16200118812 /* Pearl */;
		};
/* End PBXFileSystemSynchronizedBuildFileExceptionSet section */

/* Begin PBXFileSystemSynchronizedRootGroup section */
		4CB91EE22DECE16200118812 /* Pearl */ = {
			isa = PBXFileSystemSynchronizedRootGroup;
			exceptions = (
				4CB91F082DECE16300118812 /* Exceptions for "Pearl" folder in "Pearl" target */,
			);
			path = Pearl;
			sourceTree = "<group>";
		};
		4CB91EF92DECE16300118812 /* PearlTests */ = {
			isa = PBXFileSystemSynchronizedRootGroup;
			path = PearlTests;
			sourceTree = "<group>";
		};
		4CB91F032DECE16300118812 /* PearlUITests */ = {
			isa = PBXFileSystemSynchronizedRootGroup;
			path = PearlUITests;
			sourceTree = "<group>";
		};
/* End PBXFileSystemSynchronizedRootGroup section */

/* Begin PBXFrameworksBuildPhase section */
		4CB91EDD2DECE16200118812 /* Frameworks */ = {
			isa = PBXFrameworksBuildPhase;
			buildActionMask = 2147483647;
			files = (
				4CB91F1E2DECED0D00118812 /* FirebaseDatabase in Frameworks */,
				4C5084532DEE0C9100130D38 /* FirebaseFirestore in Frameworks */,
				4CB91F1C2DECED0D00118812 /* FirebaseCore in Frameworks */,
				4C5084552DEE0C9100130D38 /* FirebaseFirestoreCombine-Community in Frameworks */,
				4CB91F1A2DECED0D00118812 /* FirebaseAuth in Frameworks */,
				4C5084572DEE0C9100130D38 /* FirebaseStorage in Frameworks */,
			);
			runOnlyForDeploymentPostprocessing = 0;
		};
		4CB91EF32DECE16300118812 /* Frameworks */ = {
			isa = PBXFrameworksBuildPhase;
			buildActionMask = 2147483647;
			files = (
			);
			runOnlyForDeploymentPostprocessing = 0;
		};
		4CB91EFD2DECE16300118812 /* Frameworks */ = {
			isa = PBXFrameworksBuildPhase;
			buildActionMask = 2147483647;
			files = (
			);
			runOnlyForDeploymentPostprocessing = 0;
		};
/* End PBXFrameworksBuildPhase section */

/* Begin PBXGroup section */
		4CB91ED72DECE16200118812 = {
			isa = PBXGroup;
			children = (
				4C2595EB2E25C112007C9DA5 /* .gitignore */,
				4CB91EE22DECE16200118812 /* Pearl */,
				4CB91EF92DECE16300118812 /* PearlTests */,
				4CB91F032DECE16300118812 /* PearlUITests */,
				4CB91EE12DECE16200118812 /* Products */,
			);
			sourceTree = "<group>";
		};
		4CB91EE12DECE16200118812 /* Products */ = {
			isa = PBXGroup;
			children = (
				4CB91EE02DECE16200118812 /* Pearl.app */,
				4CB91EF62DECE16300118812 /* PearlTests.xctest */,
				4CB91F002DECE16300118812 /* PearlUITests.xctest */,
			);
			name = Products;
			sourceTree = "<group>";
		};
/* End PBXGroup section */

/* Begin PBXNativeTarget section */
		4CB91EDF2DECE16200118812 /* Pearl */ = {
			isa = PBXNativeTarget;
			buildConfigurationList = 4CB91F092DECE16300118812 /* Build configuration list for PBXNativeTarget "Pearl" */;
			buildPhases = (
				4CB91EDC2DECE16200118812 /* Sources */,
				4CB91EDD2DECE16200118812 /* Frameworks */,
				4CB91EDE2DECE16200118812 /* Resources */,
			);
			buildRules = (
			);
			dependencies = (
			);
			fileSystemSynchronizedGroups = (
				4CB91EE22DECE16200118812 /* Pearl */,
			);
			name = Pearl;
			packageProductDependencies = (
				4CB91F192DECED0D00118812 /* FirebaseAuth */,
				4CB91F1B2DECED0D00118812 /* FirebaseCore */,
				4CB91F1D2DECED0D00118812 /* FirebaseDatabase */,
				4C5084522DEE0C9100130D38 /* FirebaseFirestore */,
				4C5084542DEE0C9100130D38 /* FirebaseFirestoreCombine-Community */,
				4C5084562DEE0C9100130D38 /* FirebaseStorage */,
			);
			productName = Pearl;
			productReference = 4CB91EE02DECE16200118812 /* Pearl.app */;
			productType = "com.apple.product-type.application";
		};
		4CB91EF52DECE16300118812 /* PearlTests */ = {
			isa = PBXNativeTarget;
			buildConfigurationList = 4CB91F0E2DECE16300118812 /* Build configuration list for PBXNativeTarget "PearlTests" */;
			buildPhases = (
				4CB91EF22DECE16300118812 /* Sources */,
				4CB91EF32DECE16300118812 /* Frameworks */,
				4CB91EF42DECE16300118812 /* Resources */,
			);
			buildRules = (
			);
			dependencies = (
				4CB91EF82DECE16300118812 /* PBXTargetDependency */,
			);
			fileSystemSynchronizedGroups = (
				4CB91EF92DECE16300118812 /* PearlTests */,
			);
			name = PearlTests;
			packageProductDependencies = (
			);
			productName = PearlTests;
			productReference = 4CB91EF62DECE16300118812 /* PearlTests.xctest */;
			productType = "com.apple.product-type.bundle.unit-test";
		};
		4CB91EFF2DECE16300118812 /* PearlUITests */ = {
			isa = PBXNativeTarget;
			buildConfigurationList = 4CB91F112DECE16300118812 /* Build configuration list for PBXNativeTarget "PearlUITests" */;
			buildPhases = (
				4CB91EFC2DECE16300118812 /* Sources */,
				4CB91EFD2DECE16300118812 /* Frameworks */,
				4CB91EFE2DECE16300118812 /* Resources */,
			);
			buildRules = (
			);
			dependencies = (
				4CB91F022DECE16300118812 /* PBXTargetDependency */,
			);
			fileSystemSynchronizedGroups = (
				4CB91F032DECE16300118812 /* PearlUITests */,
			);
			name = PearlUITests;
			packageProductDependencies = (
			);
			productName = PearlUITests;
			productReference = 4CB91F002DECE16300118812 /* PearlUITests.xctest */;
			productType = "com.apple.product-type.bundle.ui-testing";
		};
/* End PBXNativeTarget section */

/* Begin PBXProject section */
		4CB91ED82DECE16200118812 /* Project object */ = {
			isa = PBXProject;
			attributes = {
				BuildIndependentTargetsInParallel = 1;
				LastSwiftUpdateCheck = 1620;
				LastUpgradeCheck = 1620;
				TargetAttributes = {
					4CB91EDF2DECE16200118812 = {
						CreatedOnToolsVersion = 16.2;
					};
					4CB91EF52DECE16300118812 = {
						CreatedOnToolsVersion = 16.2;
						TestTargetID = 4CB91EDF2DECE16200118812;
					};
					4CB91EFF2DECE16300118812 = {
						CreatedOnToolsVersion = 16.2;
						TestTargetID = 4CB91EDF2DECE16200118812;
					};
				};
			};
			buildConfigurationList = 4CB91EDB2DECE16200118812 /* Build configuration list for PBXProject "Pearl" */;
			developmentRegion = en;
			hasScannedForEncodings = 0;
			knownRegions = (
				en,
				Base,
			);
			mainGroup = 4CB91ED72DECE16200118812;
			minimizedProjectReferenceProxies = 1;
			packageReferences = (
				4CB91F182DECED0D00118812 /* XCRemoteSwiftPackageReference "firebase-ios-sdk" */,
			);
			preferredProjectObjectVersion = 77;
			productRefGroup = 4CB91EE12DECE16200118812 /* Products */;
			projectDirPath = "";
			projectRoot = "";
			targets = (
				4CB91EDF2DECE16200118812 /* Pearl */,
				4CB91EF52DECE16300118812 /* PearlTests */,
				4CB91EFF2DECE16300118812 /* PearlUITests */,
			);
		};
/* End PBXProject section */

/* Begin PBXResourcesBuildPhase section */
		4CB91EDE2DECE16200118812 /* Resources */ = {
			isa = PBXResourcesBuildPhase;
			buildActionMask = 2147483647;
			files = (
				4C2595EC2E25C11B007C9DA5 /* .gitignore in Resources */,
			);
			runOnlyForDeploymentPostprocessing = 0;
		};
		4CB91EF42DECE16300118812 /* Resources */ = {
			isa = PBXResourcesBuildPhase;
			buildActionMask = 2147483647;
			files = (
			);
			runOnlyForDeploymentPostprocessing = 0;
		};
		4CB91EFE2DECE16300118812 /* Resources */ = {
			isa = PBXResourcesBuildPhase;
			buildActionMask = 2147483647;
			files = (
			);
			runOnlyForDeploymentPostprocessing = 0;
		};
/* End PBXResourcesBuildPhase section */

/* Begin PBXSourcesBuildPhase section */
		4CB91EDC2DECE16200118812 /* Sources */ = {
			isa = PBXSourcesBuildPhase;
			buildActionMask = 2147483647;
			files = (
			);
			runOnlyForDeploymentPostprocessing = 0;
		};
		4CB91EF22DECE16300118812 /* Sources */ = {
			isa = PBXSourcesBuildPhase;
			buildActionMask = 2147483647;
			files = (
			);
			runOnlyForDeploymentPostprocessing = 0;
		};
		4CB91EFC2DECE16300118812 /* Sources */ = {
			isa = PBXSourcesBuildPhase;
			buildActionMask = 2147483647;
			files = (
			);
			runOnlyForDeploymentPostprocessing = 0;
		};
/* End PBXSourcesBuildPhase section */

/* Begin PBXTargetDependency section */
		4CB91EF82DECE16300118812 /* PBXTargetDependency */ = {
			isa = PBXTargetDependency;
			target = 4CB91EDF2DECE16200118812 /* Pearl */;
			targetProxy = 4CB91EF72DECE16300118812 /* PBXContainerItemProxy */;
		};
		4CB91F022DECE16300118812 /* PBXTargetDependency */ = {
			isa = PBXTargetDependency;
			target = 4CB91EDF2DECE16200118812 /* Pearl */;
			targetProxy = 4CB91F012DECE16300118812 /* PBXContainerItemProxy */;
		};
/* End PBXTargetDependency section */

/* Begin XCBuildConfiguration section */
		4CB91F0A2DECE16300118812 /* Debug */ = {
			isa = XCBuildConfiguration;
			buildSettings = {
				ASSETCATALOG_COMPILER_APPICON_NAME = AppIcon;
				ASSETCATALOG_COMPILER_GLOBAL_ACCENT_COLOR_NAME = AccentColor;
				CODE_SIGN_STYLE = Automatic;
				CURRENT_PROJECT_VERSION = 1;
				GENERATE_INFOPLIST_FILE = YES;
				INFOPLIST_FILE = Pearl/Info.plist;
				INFOPLIST_KEY_UIApplicationSupportsIndirectInputEvents = YES;
				INFOPLIST_KEY_UILaunchStoryboardName = LaunchScreen;
				INFOPLIST_KEY_UIMainStoryboardFile = Main;
				INFOPLIST_KEY_UISupportedInterfaceOrientations_iPad = "UIInterfaceOrientationPortrait UIInterfaceOrientationPortraitUpsideDown UIInterfaceOrientationLandscapeLeft UIInterfaceOrientationLandscapeRight";
				INFOPLIST_KEY_UISupportedInterfaceOrientations_iPhone = "UIInterfaceOrientationPortrait UIInterfaceOrientationLandscapeLeft UIInterfaceOrientationLandscapeRight";
				LD_RUNPATH_SEARCH_PATHS = (
					"$(inherited)",
					"@executable_path/Frameworks",
				);
				MARKETING_VERSION = 1.0;
				PRODUCT_BUNDLE_IDENTIFIER = vsc.Pearl;
				PRODUCT_NAME = "$(TARGET_NAME)";
				SWIFT_EMIT_LOC_STRINGS = YES;
				SWIFT_VERSION = 5.0;
				TARGETED_DEVICE_FAMILY = "1,2";
			};
			name = Debug;
		};
		4CB91F0B2DECE16300118812 /* Release */ = {
			isa = XCBuildConfiguration;
			buildSettings = {
				ASSETCATALOG_COMPILER_APPICON_NAME = AppIcon;
				ASSETCATALOG_COMPILER_GLOBAL_ACCENT_COLOR_NAME = AccentColor;
				CODE_SIGN_STYLE = Automatic;
				CURRENT_PROJECT_VERSION = 1;
				GENERATE_INFOPLIST_FILE = YES;
				INFOPLIST_FILE = Pearl/Info.plist;
				INFOPLIST_KEY_UIApplicationSupportsIndirectInputEvents = YES;
				INFOPLIST_KEY_UILaunchStoryboardName = LaunchScreen;
				INFOPLIST_KEY_UIMainStoryboardFile = Main;
				INFOPLIST_KEY_UISupportedInterfaceOrientations_iPad = "UIInterfaceOrientationPortrait UIInterfaceOrientationPortraitUpsideDown UIInterfaceOrientationLandscapeLeft UIInterfaceOrientationLandscapeRight";
				INFOPLIST_KEY_UISupportedInterfaceOrientations_iPhone = "UIInterfaceOrientationPortrait UIInterfaceOrientationLandscapeLeft UIInterfaceOrientationLandscapeRight";
				LD_RUNPATH_SEARCH_PATHS = (
					"$(inherited)",
					"@executable_path/Frameworks",
				);
				MARKETING_VERSION = 1.0;
				PRODUCT_BUNDLE_IDENTIFIER = vsc.Pearl;
				PRODUCT_NAME = "$(TARGET_NAME)";
				SWIFT_EMIT_LOC_STRINGS = YES;
				SWIFT_VERSION = 5.0;
				TARGETED_DEVICE_FAMILY = "1,2";
			};
			name = Release;
		};
		4CB91F0C2DECE16300118812 /* Debug */ = {
			isa = XCBuildConfiguration;
			buildSettings = {
				ALWAYS_SEARCH_USER_PATHS = NO;
				ASSETCATALOG_COMPILER_GENERATE_SWIFT_ASSET_SYMBOL_EXTENSIONS = YES;
				CLANG_ANALYZER_NONNULL = YES;
				CLANG_ANALYZER_NUMBER_OBJECT_CONVERSION = YES_AGGRESSIVE;
				CLANG_CXX_LANGUAGE_STANDARD = "gnu++20";
				CLANG_ENABLE_MODULES = YES;
				CLANG_ENABLE_OBJC_ARC = YES;
				CLANG_ENABLE_OBJC_WEAK = YES;
				CLANG_WARN_BLOCK_CAPTURE_AUTORELEASING = YES;
				CLANG_WARN_BOOL_CONVERSION = YES;
				CLANG_WARN_COMMA = YES;
				CLANG_WARN_CONSTANT_CONVERSION = YES;
				CLANG_WARN_DEPRECATED_OBJC_IMPLEMENTATIONS = YES;
				CLANG_WARN_DIRECT_OBJC_ISA_USAGE = YES_ERROR;
				CLANG_WARN_DOCUMENTATION_COMMENTS = YES;
				CLANG_WARN_EMPTY_BODY = YES;
				CLANG_WARN_ENUM_CONVERSION = YES;
				CLANG_WARN_INFINITE_RECURSION = YES;
				CLANG_WARN_INT_CONVERSION = YES;
				CLANG_WARN_NON_LITERAL_NULL_CONVERSION = YES;
				CLANG_WARN_OBJC_IMPLICIT_RETAIN_SELF = YES;
				CLANG_WARN_OBJC_LITERAL_CONVERSION = YES;
				CLANG_WARN_OBJC_ROOT_CLASS = YES_ERROR;
				CLANG_WARN_QUOTED_INCLUDE_IN_FRAMEWORK_HEADER = YES;
				CLANG_WARN_RANGE_LOOP_ANALYSIS = YES;
				CLANG_WARN_STRICT_PROTOTYPES = YES;
				CLANG_WARN_SUSPICIOUS_MOVE = YES;
				CLANG_WARN_UNGUARDED_AVAILABILITY = YES_AGGRESSIVE;
				CLANG_WARN_UNREACHABLE_CODE = YES;
				CLANG_WARN__DUPLICATE_METHOD_MATCH = YES;
				COPY_PHASE_STRIP = NO;
				DEBUG_INFORMATION_FORMAT = dwarf;
				ENABLE_STRICT_OBJC_MSGSEND = YES;
				ENABLE_TESTABILITY = YES;
				ENABLE_USER_SCRIPT_SANDBOXING = YES;
				GCC_C_LANGUAGE_STANDARD = gnu17;
				GCC_DYNAMIC_NO_PIC = NO;
				GCC_NO_COMMON_BLOCKS = YES;
				GCC_OPTIMIZATION_LEVEL = 0;
				GCC_PREPROCESSOR_DEFINITIONS = (
					"DEBUG=1",
					"$(inherited)",
				);
				GCC_WARN_64_TO_32_BIT_CONVERSION = YES;
				GCC_WARN_ABOUT_RETURN_TYPE = YES_ERROR;
				GCC_WARN_UNDECLARED_SELECTOR = YES;
				GCC_WARN_UNINITIALIZED_AUTOS = YES_AGGRESSIVE;
				GCC_WARN_UNUSED_FUNCTION = YES;
				GCC_WARN_UNUSED_VARIABLE = YES;
				IPHONEOS_DEPLOYMENT_TARGET = 18.2;
				LOCALIZATION_PREFERS_STRING_CATALOGS = YES;
				MTL_ENABLE_DEBUG_INFO = INCLUDE_SOURCE;
				MTL_FAST_MATH = YES;
				ONLY_ACTIVE_ARCH = YES;
				SDKROOT = iphoneos;
				SWIFT_ACTIVE_COMPILATION_CONDITIONS = "DEBUG $(inherited)";
				SWIFT_OPTIMIZATION_LEVEL = "-Onone";
			};
			name = Debug;
		};
		4CB91F0D2DECE16300118812 /* Release */ = {
			isa = XCBuildConfiguration;
			buildSettings = {
				ALWAYS_SEARCH_USER_PATHS = NO;
				ASSETCATALOG_COMPILER_GENERATE_SWIFT_ASSET_SYMBOL_EXTENSIONS = YES;
				CLANG_ANALYZER_NONNULL = YES;
				CLANG_ANALYZER_NUMBER_OBJECT_CONVERSION = YES_AGGRESSIVE;
				CLANG_CXX_LANGUAGE_STANDARD = "gnu++20";
				CLANG_ENABLE_MODULES = YES;
				CLANG_ENABLE_OBJC_ARC = YES;
				CLANG_ENABLE_OBJC_WEAK = YES;
				CLANG_WARN_BLOCK_CAPTURE_AUTORELEASING = YES;
				CLANG_WARN_BOOL_CONVERSION = YES;
				CLANG_WARN_COMMA = YES;
				CLANG_WARN_CONSTANT_CONVERSION = YES;
				CLANG_WARN_DEPRECATED_OBJC_IMPLEMENTATIONS = YES;
				CLANG_WARN_DIRECT_OBJC_ISA_USAGE = YES_ERROR;
				CLANG_WARN_DOCUMENTATION_COMMENTS = YES;
				CLANG_WARN_EMPTY_BODY = YES;
				CLANG_WARN_ENUM_CONVERSION = YES;
				CLANG_WARN_INFINITE_RECURSION = YES;
				CLANG_WARN_INT_CONVERSION = YES;
				CLANG_WARN_NON_LITERAL_NULL_CONVERSION = YES;
				CLANG_WARN_OBJC_IMPLICIT_RETAIN_SELF = YES;
				CLANG_WARN_OBJC_LITERAL_CONVERSION = YES;
				CLANG_WARN_OBJC_ROOT_CLASS = YES_ERROR;
				CLANG_WARN_QUOTED_INCLUDE_IN_FRAMEWORK_HEADER = YES;
				CLANG_WARN_RANGE_LOOP_ANALYSIS = YES;
				CLANG_WARN_STRICT_PROTOTYPES = YES;
				CLANG_WARN_SUSPICIOUS_MOVE = YES;
				CLANG_WARN_UNGUARDED_AVAILABILITY = YES_AGGRESSIVE;
				CLANG_WARN_UNREACHABLE_CODE = YES;
				CLANG_WARN__DUPLICATE_METHOD_MATCH = YES;
				COPY_PHASE_STRIP = NO;
				DEBUG_INFORMATION_FORMAT = "dwarf-with-dsym";
				ENABLE_NS_ASSERTIONS = NO;
				ENABLE_STRICT_OBJC_MSGSEND = YES;
				ENABLE_USER_SCRIPT_SANDBOXING = YES;
				GCC_C_LANGUAGE_STANDARD = gnu17;
				GCC_NO_COMMON_BLOCKS = YES;
				GCC_WARN_64_TO_32_BIT_CONVERSION = YES;
				GCC_WARN_ABOUT_RETURN_TYPE = YES_ERROR;
				GCC_WARN_UNDECLARED_SELECTOR = YES;
				GCC_WARN_UNINITIALIZED_AUTOS = YES_AGGRESSIVE;
				GCC_WARN_UNUSED_FUNCTION = YES;
				GCC_WARN_UNUSED_VARIABLE = YES;
				IPHONEOS_DEPLOYMENT_TARGET = 18.2;
				LOCALIZATION_PREFERS_STRING_CATALOGS = YES;
				MTL_ENABLE_DEBUG_INFO = NO;
				MTL_FAST_MATH = YES;
				SDKROOT = iphoneos;
				SWIFT_COMPILATION_MODE = wholemodule;
				VALIDATE_PRODUCT = YES;
			};
			name = Release;
		};
		4CB91F0F2DECE16300118812 /* Debug */ = {
			isa = XCBuildConfiguration;
			buildSettings = {
				BUNDLE_LOADER = "$(TEST_HOST)";
				CODE_SIGN_STYLE = Automatic;
				CURRENT_PROJECT_VERSION = 1;
				GENERATE_INFOPLIST_FILE = YES;
				IPHONEOS_DEPLOYMENT_TARGET = 18.2;
				MARKETING_VERSION = 1.0;
				PRODUCT_BUNDLE_IDENTIFIER = vsc.PearlTests;
				PRODUCT_NAME = "$(TARGET_NAME)";
				SWIFT_EMIT_LOC_STRINGS = NO;
				SWIFT_VERSION = 5.0;
				TARGETED_DEVICE_FAMILY = "1,2";
				TEST_HOST = "$(BUILT_PRODUCTS_DIR)/Pearl.app/$(BUNDLE_EXECUTABLE_FOLDER_PATH)/Pearl";
			};
			name = Debug;
		};
		4CB91F102DECE16300118812 /* Release */ = {
			isa = XCBuildConfiguration;
			buildSettings = {
				BUNDLE_LOADER = "$(TEST_HOST)";
				CODE_SIGN_STYLE = Automatic;
				CURRENT_PROJECT_VERSION = 1;
				GENERATE_INFOPLIST_FILE = YES;
				IPHONEOS_DEPLOYMENT_TARGET = 18.2;
				MARKETING_VERSION = 1.0;
				PRODUCT_BUNDLE_IDENTIFIER = vsc.PearlTests;
				PRODUCT_NAME = "$(TARGET_NAME)";
				SWIFT_EMIT_LOC_STRINGS = NO;
				SWIFT_VERSION = 5.0;
				TARGETED_DEVICE_FAMILY = "1,2";
				TEST_HOST = "$(BUILT_PRODUCTS_DIR)/Pearl.app/$(BUNDLE_EXECUTABLE_FOLDER_PATH)/Pearl";
			};
			name = Release;
		};
		4CB91F122DECE16300118812 /* Debug */ = {
			isa = XCBuildConfiguration;
			buildSettings = {
				CODE_SIGN_STYLE = Automatic;
				CURRENT_PROJECT_VERSION = 1;
				GENERATE_INFOPLIST_FILE = YES;
				MARKETING_VERSION = 1.0;
				PRODUCT_BUNDLE_IDENTIFIER = vsc.PearlUITests;
				PRODUCT_NAME = "$(TARGET_NAME)";
				SWIFT_EMIT_LOC_STRINGS = NO;
				SWIFT_VERSION = 5.0;
				TARGETED_DEVICE_FAMILY = "1,2";
				TEST_TARGET_NAME = Pearl;
			};
			name = Debug;
		};
		4CB91F132DECE16300118812 /* Release */ = {
			isa = XCBuildConfiguration;
			buildSettings = {
				CODE_SIGN_STYLE = Automatic;
				CURRENT_PROJECT_VERSION = 1;
				GENERATE_INFOPLIST_FILE = YES;
				MARKETING_VERSION = 1.0;
				PRODUCT_BUNDLE_IDENTIFIER = vsc.PearlUITests;
				PRODUCT_NAME = "$(TARGET_NAME)";
				SWIFT_EMIT_LOC_STRINGS = NO;
				SWIFT_VERSION = 5.0;
				TARGETED_DEVICE_FAMILY = "1,2";
				TEST_TARGET_NAME = Pearl;
			};
			name = Release;
		};
/* End XCBuildConfiguration section */

/* Begin XCConfigurationList section */
		4CB91EDB2DECE16200118812 /* Build configuration list for PBXProject "Pearl" */ = {
			isa = XCConfigurationList;
			buildConfigurations = (
				4CB91F0C2DECE16300118812 /* Debug */,
				4CB91F0D2DECE16300118812 /* Release */,
			);
			defaultConfigurationIsVisible = 0;
			defaultConfigurationName = Release;
		};
		4CB91F092DECE16300118812 /* Build configuration list for PBXNativeTarget "Pearl" */ = {
			isa = XCConfigurationList;
			buildConfigurations = (
				4CB91F0A2DECE16300118812 /* Debug */,
				4CB91F0B2DECE16300118812 /* Release */,
			);
			defaultConfigurationIsVisible = 0;
			defaultConfigurationName = Release;
		};
		4CB91F0E2DECE16300118812 /* Build configuration list for PBXNativeTarget "PearlTests" */ = {
			isa = XCConfigurationList;
			buildConfigurations = (
				4CB91F0F2DECE16300118812 /* Debug */,
				4CB91F102DECE16300118812 /* Release */,
			);
			defaultConfigurationIsVisible = 0;
			defaultConfigurationName = Release;
		};
		4CB91F112DECE16300118812 /* Build configuration list for PBXNativeTarget "PearlUITests" */ = {
			isa = XCConfigurationList;
			buildConfigurations = (
				4CB91F122DECE16300118812 /* Debug */,
				4CB91F132DECE16300118812 /* Release */,
			);
			defaultConfigurationIsVisible = 0;
			defaultConfigurationName = Release;
		};
/* End XCConfigurationList section */

/* Begin XCRemoteSwiftPackageReference section */
		4CB91F182DECED0D00118812 /* XCRemoteSwiftPackageReference "firebase-ios-sdk" */ = {
			isa = XCRemoteSwiftPackageReference;
			repositoryURL = "https://github.com/firebase/firebase-ios-sdk";
			requirement = {
				kind = exactVersion;
				version = 11.13.0;
			};
		};
/* End XCRemoteSwiftPackageReference section */

/* Begin XCSwiftPackageProductDependency section */
		4C5084522DEE0C9100130D38 /* FirebaseFirestore */ = {
			isa = XCSwiftPackageProductDependency;
			package = 4CB91F182DECED0D00118812 /* XCRemoteSwiftPackageReference "firebase-ios-sdk" */;
			productName = FirebaseFirestore;
		};
		4C5084542DEE0C9100130D38 /* FirebaseFirestoreCombine-Community */ = {
			isa = XCSwiftPackageProductDependency;
			package = 4CB91F182DECED0D00118812 /* XCRemoteSwiftPackageReference "firebase-ios-sdk" */;
			productName = "FirebaseFirestoreCombine-Community";
		};
		4C5084562DEE0C9100130D38 /* FirebaseStorage */ = {
			isa = XCSwiftPackageProductDependency;
			package = 4CB91F182DECED0D00118812 /* XCRemoteSwiftPackageReference "firebase-ios-sdk" */;
			productName = FirebaseStorage;
		};
		4CB91F192DECED0D00118812 /* FirebaseAuth */ = {
			isa = XCSwiftPackageProductDependency;
			package = 4CB91F182DECED0D00118812 /* XCRemoteSwiftPackageReference "firebase-ios-sdk" */;
			productName = FirebaseAuth;
		};
		4CB91F1B2DECED0D00118812 /* FirebaseCore */ = {
			isa = XCSwiftPackageProductDependency;
			package = 4CB91F182DECED0D00118812 /* XCRemoteSwiftPackageReference "firebase-ios-sdk" */;
			productName = FirebaseCore;
		};
		4CB91F1D2DECED0D00118812 /* FirebaseDatabase */ = {
			isa = XCSwiftPackageProductDependency;
			package = 4CB91F182DECED0D00118812 /* XCRemoteSwiftPackageReference "firebase-ios-sdk" */;
			productName = FirebaseDatabase;
		};
/* End XCSwiftPackageProductDependency section */
	};
	rootObject = 4CB91ED82DECE16200118812 /* Project object */;
}
